
Microsoft Visual Studio Solution File, Format Version 12.00
# Visual Studio Version 17
VisualStudioVersion = 17.5.33414.496
MinimumVisualStudioVersion = 10.0.40219.1
Project("{9A19103F-16F7-4668-BE54-9A1E7A4F7556}") = "Lab.Domain", "src\Lab.Domain\Lab.Domain.csproj", "{554AD327-6DBA-4F8F-96F8-81CE7A0C863F}"
EndProject
Project("{9A19103F-16F7-4668-BE54-9A1E7A4F7556}") = "Lab.Instruments.TestBase", "modules\Lab.Instruments\test\Lab.Instruments.TestBase\Lab.Instruments.TestBase.csproj", "{27b8448c-1a51-4923-b121-835e849a5d2c}"
EndProject
Project("{9A19103F-16F7-4668-BE54-9A1E7A4F7556}") = "Lab.Instruments.HttpApi.Client.ConsoleTestApp", "modules\Lab.Instruments\test\Lab.Instruments.HttpApi.Client.ConsoleTestApp\Lab.Instruments.HttpApi.Client.ConsoleTestApp.csproj", "{bc6a6f51-e64d-42bf-8857-e8bce83572b0}"
EndProject
Project("{9A19103F-16F7-4668-BE54-9A1E7A4F7556}") = "Lab.Instruments.EntityFrameworkCore.Tests", "modules\Lab.Instruments\test\Lab.Instruments.EntityFrameworkCore.Tests\Lab.Instruments.EntityFrameworkCore.Tests.csproj", "{8ed10584-88df-451c-889f-bf77814dba5e}"
EndProject
Project("{9A19103F-16F7-4668-BE54-9A1E7A4F7556}") = "Lab.Instruments.Domain.Tests", "modules\Lab.Instruments\test\Lab.Instruments.Domain.Tests\Lab.Instruments.Domain.Tests.csproj", "{e18cd0a8-e4ba-468a-a2cc-585da0a5fc04}"
EndProject
Project("{9A19103F-16F7-4668-BE54-9A1E7A4F7556}") = "Lab.Instruments.Application.Tests", "modules\Lab.Instruments\test\Lab.Instruments.Application.Tests\Lab.Instruments.Application.Tests.csproj", "{00a26780-0cb7-4c01-a68a-2dda57055596}"
EndProject
Project("{9A19103F-16F7-4668-BE54-9A1E7A4F7556}") = "Lab.Instruments.Installer", "modules\Lab.Instruments\src\Lab.Instruments.Installer\Lab.Instruments.Installer.csproj", "{d1fe82fb-8643-4ac9-9517-d6c82bfa2ec3}"
EndProject
Project("{9A19103F-16F7-4668-BE54-9A1E7A4F7556}") = "Lab.Instruments.HttpApi.Client", "modules\Lab.Instruments\src\Lab.Instruments.HttpApi.Client\Lab.Instruments.HttpApi.Client.csproj", "{fa745539-7004-47b7-bcf2-c16f0004e4c4}"
EndProject
Project("{9A19103F-16F7-4668-BE54-9A1E7A4F7556}") = "Lab.Instruments.HttpApi", "modules\Lab.Instruments\src\Lab.Instruments.HttpApi\Lab.Instruments.HttpApi.csproj", "{b3366d89-03f7-47ec-b2b6-a328a3a9f7f5}"
EndProject
Project("{9A19103F-16F7-4668-BE54-9A1E7A4F7556}") = "Lab.Instruments.EntityFrameworkCore", "modules\Lab.Instruments\src\Lab.Instruments.EntityFrameworkCore\Lab.Instruments.EntityFrameworkCore.csproj", "{1caa3557-b52b-4910-abd2-9db20473f4f2}"
EndProject
Project("{9A19103F-16F7-4668-BE54-9A1E7A4F7556}") = "Lab.Instruments.Domain.Shared", "modules\Lab.Instruments\src\Lab.Instruments.Domain.Shared\Lab.Instruments.Domain.Shared.csproj", "{b2b158df-26a8-403a-a0ce-8651be69aaca}"
EndProject
Project("{9A19103F-16F7-4668-BE54-9A1E7A4F7556}") = "Lab.Instruments.Domain", "modules\Lab.Instruments\src\Lab.Instruments.Domain\Lab.Instruments.Domain.csproj", "{ef6df7da-048f-492e-a54d-a18cc5ec09fa}"
EndProject
Project("{9A19103F-16F7-4668-BE54-9A1E7A4F7556}") = "Lab.Instruments.Blazor.Server", "modules\Lab.Instruments\src\Lab.Instruments.Blazor.Server\Lab.Instruments.Blazor.Server.csproj", "{9b9a6ae3-8596-4948-a4f0-9bb122a9220c}"
EndProject
Project("{9A19103F-16F7-4668-BE54-9A1E7A4F7556}") = "Lab.Instruments.Blazor", "modules\Lab.Instruments\src\Lab.Instruments.Blazor\Lab.Instruments.Blazor.csproj", "{334e6da4-67d6-4959-8eeb-92664138f7ae}"
EndProject
Project("{9A19103F-16F7-4668-BE54-9A1E7A4F7556}") = "Lab.Instruments.Application.Contracts", "modules\Lab.Instruments\src\Lab.Instruments.Application.Contracts\Lab.Instruments.Application.Contracts.csproj", "{9b357d86-9972-457d-96ac-b14f4ee55f2a}"
EndProject
Project("{9A19103F-16F7-4668-BE54-9A1E7A4F7556}") = "Lab.Instruments.Application", "modules\Lab.Instruments\src\Lab.Instruments.Application\Lab.Instruments.Application.csproj", "{f69d1518-39fa-44ac-be97-011332755654}"
EndProject
Project("{2150E333-8FDC-42A3-9474-1A3956D46DE8}") = "Lab.Instruments.Tests", "Lab.Instruments.Tests", "{52facfd2-d005-400a-b837-7050e2c69f43}"
EndProject
Project("{2150E333-8FDC-42A3-9474-1A3956D46DE8}") = "Lab.Instruments", "Lab.Instruments", "{bc2fa985-fb9b-4883-96d9-4460fe1bfc93}"
EndProject
Project("{2150E333-8FDC-42A3-9474-1A3956D46DE8}") = "modules", "modules", "{2b661bd7-a4b4-49df-9a50-dbb79a19f25e}"
EndProject
Project("{9A19103F-16F7-4668-BE54-9A1E7A4F7556}") = "Lab.Application", "src\Lab.Application\Lab.Application.csproj", "{1A94A50E-06DC-43C1-80B5-B662820EC3EB}"
EndProject
Project("{9A19103F-16F7-4668-BE54-9A1E7A4F7556}") = "Lab.EntityFrameworkCore", "src\Lab.EntityFrameworkCore\Lab.EntityFrameworkCore.csproj", "{C956DD76-69C8-4A9C-83EA-D17DF83340FD}"
EndProject
Project("{2150E333-8FDC-42A3-9474-1A3956D46DE8}") = "src", "src", "{CA9AC87F-097E-4F15-8393-4BC07735A5B0}"
EndProject
Project("{2150E333-8FDC-42A3-9474-1A3956D46DE8}") = "test", "test", "{04DBDB01-70F4-4E06-B468-8F87850B22BE}"
EndProject
Project("{9A19103F-16F7-4668-BE54-9A1E7A4F7556}") = "Lab.Application.Tests", "test\Lab.Application.Tests\Lab.Application.Tests.csproj", "{50B2631D-129C-47B3-A587-029CCD6099BC}"
EndProject
Project("{9A19103F-16F7-4668-BE54-9A1E7A4F7556}") = "Lab.Domain.Shared", "src\Lab.Domain.Shared\Lab.Domain.Shared.csproj", "{42F719ED-8413-4895-B5B4-5AB56079BC66}"
EndProject
Project("{9A19103F-16F7-4668-BE54-9A1E7A4F7556}") = "Lab.Application.Contracts", "src\Lab.Application.Contracts\Lab.Application.Contracts.csproj", "{520659C8-C734-4298-A3DA-B539DB9DFC0B}"
EndProject
Project("{9A19103F-16F7-4668-BE54-9A1E7A4F7556}") = "Lab.HttpApi", "src\Lab.HttpApi\Lab.HttpApi.csproj", "{4164BDF7-F527-4E85-9CE6-E3C2D7426A27}"
EndProject
Project("{9A19103F-16F7-4668-BE54-9A1E7A4F7556}") = "Lab.EntityFrameworkCore.Tests", "test\Lab.EntityFrameworkCore.Tests\Lab.EntityFrameworkCore.Tests.csproj", "{1FE30EB9-74A9-47F5-A9F6-7B1FAB672D81}"
EndProject
Project("{9A19103F-16F7-4668-BE54-9A1E7A4F7556}") = "Lab.TestBase", "test\Lab.TestBase\Lab.TestBase.csproj", "{91853F21-9CD9-4132-BC29-A7D5D84FFFE7}"
EndProject
Project("{9A19103F-16F7-4668-BE54-9A1E7A4F7556}") = "Lab.Domain.Tests", "test\Lab.Domain.Tests\Lab.Domain.Tests.csproj", "{E512F4D9-9375-480F-A2F6-A46509F9D824}"
EndProject
Project("{9A19103F-16F7-4668-BE54-9A1E7A4F7556}") = "Lab.DbMigrator", "src\Lab.DbMigrator\Lab.DbMigrator.csproj", "{AA94D832-1CCC-4715-95A9-A483F23A1A5D}"
EndProject
Project("{9A19103F-16F7-4668-BE54-9A1E7A4F7556}") = "Lab.Blazor", "src\Lab.Blazor\Lab.Blazor.csproj", "{16F0BF4E-7D73-4278-8D9A-7CDE37105C6B}"
EndProject
Project("{2150E333-8FDC-42A3-9474-1A3956D46DE8}") = "HOWTO", "HOWTO", "{5C778322-3C87-4F42-9C30-199C6B63FED9}"
	ProjectSection(SolutionItems) = preProject
		Start.md = Start.md
	EndProjectSection
EndProject
Global
	GlobalSection(SolutionConfigurationPlatforms) = preSolution
		Debug|Any CPU = Debug|Any CPU
		Release|Any CPU = Release|Any CPU
	EndGlobalSection
	GlobalSection(ProjectConfigurationPlatforms) = postSolution
		{27b8448c-1a51-4923-b121-835e849a5d2c}.Debug|Any CPU.ActiveCfg = Debug|Any CPU
		{27b8448c-1a51-4923-b121-835e849a5d2c}.Debug|Any CPU.Build.0 = Debug|Any CPU
		{27b8448c-1a51-4923-b121-835e849a5d2c}.Release|Any CPU.ActiveCfg = Release|Any CPU
		{27b8448c-1a51-4923-b121-835e849a5d2c}.Release|Any CPU.Build.0 = Release|Any CPU
		{bc6a6f51-e64d-42bf-8857-e8bce83572b0}.Debug|Any CPU.ActiveCfg = Debug|Any CPU
		{bc6a6f51-e64d-42bf-8857-e8bce83572b0}.Debug|Any CPU.Build.0 = Debug|Any CPU
		{bc6a6f51-e64d-42bf-8857-e8bce83572b0}.Release|Any CPU.ActiveCfg = Release|Any CPU
		{bc6a6f51-e64d-42bf-8857-e8bce83572b0}.Release|Any CPU.Build.0 = Release|Any CPU
		{8ed10584-88df-451c-889f-bf77814dba5e}.Debug|Any CPU.ActiveCfg = Debug|Any CPU
		{8ed10584-88df-451c-889f-bf77814dba5e}.Debug|Any CPU.Build.0 = Debug|Any CPU
		{8ed10584-88df-451c-889f-bf77814dba5e}.Release|Any CPU.ActiveCfg = Release|Any CPU
		{8ed10584-88df-451c-889f-bf77814dba5e}.Release|Any CPU.Build.0 = Release|Any CPU
		{e18cd0a8-e4ba-468a-a2cc-585da0a5fc04}.Debug|Any CPU.ActiveCfg = Debug|Any CPU
		{e18cd0a8-e4ba-468a-a2cc-585da0a5fc04}.Debug|Any CPU.Build.0 = Debug|Any CPU
		{e18cd0a8-e4ba-468a-a2cc-585da0a5fc04}.Release|Any CPU.ActiveCfg = Release|Any CPU
		{e18cd0a8-e4ba-468a-a2cc-585da0a5fc04}.Release|Any CPU.Build.0 = Release|Any CPU
		{00a26780-0cb7-4c01-a68a-2dda57055596}.Debug|Any CPU.ActiveCfg = Debug|Any CPU
		{00a26780-0cb7-4c01-a68a-2dda57055596}.Debug|Any CPU.Build.0 = Debug|Any CPU
		{00a26780-0cb7-4c01-a68a-2dda57055596}.Release|Any CPU.ActiveCfg = Release|Any CPU
		{00a26780-0cb7-4c01-a68a-2dda57055596}.Release|Any CPU.Build.0 = Release|Any CPU
		{d1fe82fb-8643-4ac9-9517-d6c82bfa2ec3}.Debug|Any CPU.ActiveCfg = Debug|Any CPU
		{d1fe82fb-8643-4ac9-9517-d6c82bfa2ec3}.Debug|Any CPU.Build.0 = Debug|Any CPU
		{d1fe82fb-8643-4ac9-9517-d6c82bfa2ec3}.Release|Any CPU.ActiveCfg = Release|Any CPU
		{d1fe82fb-8643-4ac9-9517-d6c82bfa2ec3}.Release|Any CPU.Build.0 = Release|Any CPU
		{fa745539-7004-47b7-bcf2-c16f0004e4c4}.Debug|Any CPU.ActiveCfg = Debug|Any CPU
		{fa745539-7004-47b7-bcf2-c16f0004e4c4}.Debug|Any CPU.Build.0 = Debug|Any CPU
		{fa745539-7004-47b7-bcf2-c16f0004e4c4}.Release|Any CPU.ActiveCfg = Release|Any CPU
		{fa745539-7004-47b7-bcf2-c16f0004e4c4}.Release|Any CPU.Build.0 = Release|Any CPU
		{b3366d89-03f7-47ec-b2b6-a328a3a9f7f5}.Debug|Any CPU.ActiveCfg = Debug|Any CPU
		{b3366d89-03f7-47ec-b2b6-a328a3a9f7f5}.Debug|Any CPU.Build.0 = Debug|Any CPU
		{b3366d89-03f7-47ec-b2b6-a328a3a9f7f5}.Release|Any CPU.ActiveCfg = Release|Any CPU
		{b3366d89-03f7-47ec-b2b6-a328a3a9f7f5}.Release|Any CPU.Build.0 = Release|Any CPU
		{1caa3557-b52b-4910-abd2-9db20473f4f2}.Debug|Any CPU.ActiveCfg = Debug|Any CPU
		{1caa3557-b52b-4910-abd2-9db20473f4f2}.Debug|Any CPU.Build.0 = Debug|Any CPU
		{1caa3557-b52b-4910-abd2-9db20473f4f2}.Release|Any CPU.ActiveCfg = Release|Any CPU
		{1caa3557-b52b-4910-abd2-9db20473f4f2}.Release|Any CPU.Build.0 = Release|Any CPU
		{b2b158df-26a8-403a-a0ce-8651be69aaca}.Debug|Any CPU.ActiveCfg = Debug|Any CPU
		{b2b158df-26a8-403a-a0ce-8651be69aaca}.Debug|Any CPU.Build.0 = Debug|Any CPU
		{b2b158df-26a8-403a-a0ce-8651be69aaca}.Release|Any CPU.ActiveCfg = Release|Any CPU
		{b2b158df-26a8-403a-a0ce-8651be69aaca}.Release|Any CPU.Build.0 = Release|Any CPU
		{ef6df7da-048f-492e-a54d-a18cc5ec09fa}.Debug|Any CPU.ActiveCfg = Debug|Any CPU
		{ef6df7da-048f-492e-a54d-a18cc5ec09fa}.Debug|Any CPU.Build.0 = Debug|Any CPU
		{ef6df7da-048f-492e-a54d-a18cc5ec09fa}.Release|Any CPU.ActiveCfg = Release|Any CPU
		{ef6df7da-048f-492e-a54d-a18cc5ec09fa}.Release|Any CPU.Build.0 = Release|Any CPU
		{9b9a6ae3-8596-4948-a4f0-9bb122a9220c}.Debug|Any CPU.ActiveCfg = Debug|Any CPU
		{9b9a6ae3-8596-4948-a4f0-9bb122a9220c}.Debug|Any CPU.Build.0 = Debug|Any CPU
		{9b9a6ae3-8596-4948-a4f0-9bb122a9220c}.Release|Any CPU.ActiveCfg = Release|Any CPU
		{9b9a6ae3-8596-4948-a4f0-9bb122a9220c}.Release|Any CPU.Build.0 = Release|Any CPU
		{334e6da4-67d6-4959-8eeb-92664138f7ae}.Debug|Any CPU.ActiveCfg = Debug|Any CPU
		{334e6da4-67d6-4959-8eeb-92664138f7ae}.Debug|Any CPU.Build.0 = Debug|Any CPU
		{334e6da4-67d6-4959-8eeb-92664138f7ae}.Release|Any CPU.ActiveCfg = Release|Any CPU
		{334e6da4-67d6-4959-8eeb-92664138f7ae}.Release|Any CPU.Build.0 = Release|Any CPU
		{9b357d86-9972-457d-96ac-b14f4ee55f2a}.Debug|Any CPU.ActiveCfg = Debug|Any CPU
		{9b357d86-9972-457d-96ac-b14f4ee55f2a}.Debug|Any CPU.Build.0 = Debug|Any CPU
		{9b357d86-9972-457d-96ac-b14f4ee55f2a}.Release|Any CPU.ActiveCfg = Release|Any CPU
		{9b357d86-9972-457d-96ac-b14f4ee55f2a}.Release|Any CPU.Build.0 = Release|Any CPU
		{f69d1518-39fa-44ac-be97-011332755654}.Debug|Any CPU.ActiveCfg = Debug|Any CPU
		{f69d1518-39fa-44ac-be97-011332755654}.Debug|Any CPU.Build.0 = Debug|Any CPU
		{f69d1518-39fa-44ac-be97-011332755654}.Release|Any CPU.ActiveCfg = Release|Any CPU
		{f69d1518-39fa-44ac-be97-011332755654}.Release|Any CPU.Build.0 = Release|Any CPU
		{554AD327-6DBA-4F8F-96F8-81CE7A0C863F}.Debug|Any CPU.ActiveCfg = Debug|Any CPU
		{554AD327-6DBA-4F8F-96F8-81CE7A0C863F}.Debug|Any CPU.Build.0 = Debug|Any CPU
		{554AD327-6DBA-4F8F-96F8-81CE7A0C863F}.Release|Any CPU.ActiveCfg = Release|Any CPU
		{554AD327-6DBA-4F8F-96F8-81CE7A0C863F}.Release|Any CPU.Build.0 = Release|Any CPU
		{1A94A50E-06DC-43C1-80B5-B662820EC3EB}.Debug|Any CPU.ActiveCfg = Debug|Any CPU
		{1A94A50E-06DC-43C1-80B5-B662820EC3EB}.Debug|Any CPU.Build.0 = Debug|Any CPU
		{1A94A50E-06DC-43C1-80B5-B662820EC3EB}.Release|Any CPU.ActiveCfg = Release|Any CPU
		{1A94A50E-06DC-43C1-80B5-B662820EC3EB}.Release|Any CPU.Build.0 = Release|Any CPU
		{C956DD76-69C8-4A9C-83EA-D17DF83340FD}.Debug|Any CPU.ActiveCfg = Debug|Any CPU
		{C956DD76-69C8-4A9C-83EA-D17DF83340FD}.Debug|Any CPU.Build.0 = Debug|Any CPU
		{C956DD76-69C8-4A9C-83EA-D17DF83340FD}.Release|Any CPU.ActiveCfg = Release|Any CPU
		{C956DD76-69C8-4A9C-83EA-D17DF83340FD}.Release|Any CPU.Build.0 = Release|Any CPU
		{50B2631D-129C-47B3-A587-029CCD6099BC}.Debug|Any CPU.ActiveCfg = Debug|Any CPU
		{50B2631D-129C-47B3-A587-029CCD6099BC}.Debug|Any CPU.Build.0 = Debug|Any CPU
		{50B2631D-129C-47B3-A587-029CCD6099BC}.Release|Any CPU.ActiveCfg = Release|Any CPU
		{50B2631D-129C-47B3-A587-029CCD6099BC}.Release|Any CPU.Build.0 = Release|Any CPU
		{42F719ED-8413-4895-B5B4-5AB56079BC66}.Debug|Any CPU.ActiveCfg = Debug|Any CPU
		{42F719ED-8413-4895-B5B4-5AB56079BC66}.Debug|Any CPU.Build.0 = Debug|Any CPU
		{42F719ED-8413-4895-B5B4-5AB56079BC66}.Release|Any CPU.ActiveCfg = Release|Any CPU
		{42F719ED-8413-4895-B5B4-5AB56079BC66}.Release|Any CPU.Build.0 = Release|Any CPU
		{520659C8-C734-4298-A3DA-B539DB9DFC0B}.Debug|Any CPU.ActiveCfg = Debug|Any CPU
		{520659C8-C734-4298-A3DA-B539DB9DFC0B}.Debug|Any CPU.Build.0 = Debug|Any CPU
		{520659C8-C734-4298-A3DA-B539DB9DFC0B}.Release|Any CPU.ActiveCfg = Release|Any CPU
		{520659C8-C734-4298-A3DA-B539DB9DFC0B}.Release|Any CPU.Build.0 = Release|Any CPU
		{4164BDF7-F527-4E85-9CE6-E3C2D7426A27}.Debug|Any CPU.ActiveCfg = Debug|Any CPU
		{4164BDF7-F527-4E85-9CE6-E3C2D7426A27}.Debug|Any CPU.Build.0 = Debug|Any CPU
		{4164BDF7-F527-4E85-9CE6-E3C2D7426A27}.Release|Any CPU.ActiveCfg = Release|Any CPU
		{4164BDF7-F527-4E85-9CE6-E3C2D7426A27}.Release|Any CPU.Build.0 = Release|Any CPU
		{1FE30EB9-74A9-47F5-A9F6-7B1FAB672D81}.Debug|Any CPU.ActiveCfg = Debug|Any CPU
		{1FE30EB9-74A9-47F5-A9F6-7B1FAB672D81}.Debug|Any CPU.Build.0 = Debug|Any CPU
		{1FE30EB9-74A9-47F5-A9F6-7B1FAB672D81}.Release|Any CPU.ActiveCfg = Release|Any CPU
		{1FE30EB9-74A9-47F5-A9F6-7B1FAB672D81}.Release|Any CPU.Build.0 = Release|Any CPU
		{91853F21-9CD9-4132-BC29-A7D5D84FFFE7}.Debug|Any CPU.ActiveCfg = Debug|Any CPU
		{91853F21-9CD9-4132-BC29-A7D5D84FFFE7}.Debug|Any CPU.Build.0 = Debug|Any CPU
		{91853F21-9CD9-4132-BC29-A7D5D84FFFE7}.Release|Any CPU.ActiveCfg = Release|Any CPU
		{91853F21-9CD9-4132-BC29-A7D5D84FFFE7}.Release|Any CPU.Build.0 = Release|Any CPU
		{E512F4D9-9375-480F-A2F6-A46509F9D824}.Debug|Any CPU.ActiveCfg = Debug|Any CPU
		{E512F4D9-9375-480F-A2F6-A46509F9D824}.Debug|Any CPU.Build.0 = Debug|Any CPU
		{E512F4D9-9375-480F-A2F6-A46509F9D824}.Release|Any CPU.ActiveCfg = Release|Any CPU
		{E512F4D9-9375-480F-A2F6-A46509F9D824}.Release|Any CPU.Build.0 = Release|Any CPU
		{AA94D832-1CCC-4715-95A9-A483F23A1A5D}.Debug|Any CPU.ActiveCfg = Debug|Any CPU
		{AA94D832-1CCC-4715-95A9-A483F23A1A5D}.Debug|Any CPU.Build.0 = Debug|Any CPU
		{AA94D832-1CCC-4715-95A9-A483F23A1A5D}.Release|Any CPU.ActiveCfg = Release|Any CPU
		{AA94D832-1CCC-4715-95A9-A483F23A1A5D}.Release|Any CPU.Build.0 = Release|Any CPU
		{16F0BF4E-7D73-4278-8D9A-7CDE37105C6B}.Debug|Any CPU.ActiveCfg = Debug|Any CPU
		{16F0BF4E-7D73-4278-8D9A-7CDE37105C6B}.Debug|Any CPU.Build.0 = Debug|Any CPU
		{16F0BF4E-7D73-4278-8D9A-7CDE37105C6B}.Release|Any CPU.ActiveCfg = Release|Any CPU
		{16F0BF4E-7D73-4278-8D9A-7CDE37105C6B}.Release|Any CPU.Build.0 = Release|Any CPU
	EndGlobalSection
	GlobalSection(SolutionProperties) = preSolution
		HideSolutionNode = FALSE
	EndGlobalSection
	GlobalSection(NestedProjects) = preSolution
		{27b8448c-1a51-4923-b121-835e849a5d2c} = {52facfd2-d005-400a-b837-7050e2c69f43}
		{bc6a6f51-e64d-42bf-8857-e8bce83572b0} = {52facfd2-d005-400a-b837-7050e2c69f43}
		{8ed10584-88df-451c-889f-bf77814dba5e} = {52facfd2-d005-400a-b837-7050e2c69f43}
		{e18cd0a8-e4ba-468a-a2cc-585da0a5fc04} = {52facfd2-d005-400a-b837-7050e2c69f43}
		{00a26780-0cb7-4c01-a68a-2dda57055596} = {52facfd2-d005-400a-b837-7050e2c69f43}
		{d1fe82fb-8643-4ac9-9517-d6c82bfa2ec3} = {bc2fa985-fb9b-4883-96d9-4460fe1bfc93}
		{fa745539-7004-47b7-bcf2-c16f0004e4c4} = {bc2fa985-fb9b-4883-96d9-4460fe1bfc93}
		{b3366d89-03f7-47ec-b2b6-a328a3a9f7f5} = {bc2fa985-fb9b-4883-96d9-4460fe1bfc93}
		{1caa3557-b52b-4910-abd2-9db20473f4f2} = {bc2fa985-fb9b-4883-96d9-4460fe1bfc93}
		{b2b158df-26a8-403a-a0ce-8651be69aaca} = {bc2fa985-fb9b-4883-96d9-4460fe1bfc93}
		{ef6df7da-048f-492e-a54d-a18cc5ec09fa} = {bc2fa985-fb9b-4883-96d9-4460fe1bfc93}
		{9b9a6ae3-8596-4948-a4f0-9bb122a9220c} = {bc2fa985-fb9b-4883-96d9-4460fe1bfc93}
		{334e6da4-67d6-4959-8eeb-92664138f7ae} = {bc2fa985-fb9b-4883-96d9-4460fe1bfc93}
		{9b357d86-9972-457d-96ac-b14f4ee55f2a} = {bc2fa985-fb9b-4883-96d9-4460fe1bfc93}
		{f69d1518-39fa-44ac-be97-011332755654} = {bc2fa985-fb9b-4883-96d9-4460fe1bfc93}
		{52facfd2-d005-400a-b837-7050e2c69f43} = {04DBDB01-70F4-4E06-B468-8F87850B22BE}
		{bc2fa985-fb9b-4883-96d9-4460fe1bfc93} = {2b661bd7-a4b4-49df-9a50-dbb79a19f25e}
		{554AD327-6DBA-4F8F-96F8-81CE7A0C863F} = {CA9AC87F-097E-4F15-8393-4BC07735A5B0}
		{1A94A50E-06DC-43C1-80B5-B662820EC3EB} = {CA9AC87F-097E-4F15-8393-4BC07735A5B0}
		{C956DD76-69C8-4A9C-83EA-D17DF83340FD} = {CA9AC87F-097E-4F15-8393-4BC07735A5B0}
		{50B2631D-129C-47B3-A587-029CCD6099BC} = {04DBDB01-70F4-4E06-B468-8F87850B22BE}
		{42F719ED-8413-4895-B5B4-5AB56079BC66} = {CA9AC87F-097E-4F15-8393-4BC07735A5B0}
		{520659C8-C734-4298-A3DA-B539DB9DFC0B} = {CA9AC87F-097E-4F15-8393-4BC07735A5B0}
		{4164BDF7-F527-4E85-9CE6-E3C2D7426A27} = {CA9AC87F-097E-4F15-8393-4BC07735A5B0}
		{1FE30EB9-74A9-47F5-A9F6-7B1FAB672D81} = {04DBDB01-70F4-4E06-B468-8F87850B22BE}
		{91853F21-9CD9-4132-BC29-A7D5D84FFFE7} = {04DBDB01-70F4-4E06-B468-8F87850B22BE}
		{E512F4D9-9375-480F-A2F6-A46509F9D824} = {04DBDB01-70F4-4E06-B468-8F87850B22BE}
		{AA94D832-1CCC-4715-95A9-A483F23A1A5D} = {CA9AC87F-097E-4F15-8393-4BC07735A5B0}
		{16F0BF4E-7D73-4278-8D9A-7CDE37105C6B} = {CA9AC87F-097E-4F15-8393-4BC07735A5B0}
	EndGlobalSection
	GlobalSection(ExtensibilityGlobals) = postSolution
		SolutionGuid = {28315BFD-90E7-4E14-A2EA-F3D23AF4126F}
	EndGlobalSection
EndGlobal
